
Microsoft Visual Studio Solution File, Format Version 12.00
# Visual Studio Version 17
VisualStudioVersion = 17.10.34928.147
MinimumVisualStudioVersion = 10.0.40219.1
Project("{2150E333-8FDC-42A3-9474-1A3956D46DE8}") = "src", "src", "{084DD7FF-16BA-4FE9-A862-29F6CBE464EF}"
EndProject
Project("{2150E333-8FDC-42A3-9474-1A3956D46DE8}") = "test", "test", "{0AED0CDA-516C-468F-A603-206477FA2467}"
EndProject
Project("{2150E333-8FDC-42A3-9474-1A3956D46DE8}") = "Web", "Web", "{A331BA46-62F1-499A-8683-693ED7D2D73B}"
EndProject
Project("{2150E333-8FDC-42A3-9474-1A3956D46DE8}") = "DataAccessLayer", "DataAccessLayer", "{78D87520-83E9-4BC8-9A19-FFE676D86755}"
EndProject
Project("{9A19103F-16F7-4668-BE54-9A1E7A4F7556}") = "Visio.Domain.Core", "Visio.Domain.Core\Visio.Domain.Core.csproj", "{B528010E-D929-4942-BD85-32501F20019D}"
EndProject
Project("{9A19103F-16F7-4668-BE54-9A1E7A4F7556}") = "Visio.Domain.Common", "Visio.Domain.Common\Visio.Domain.Common.csproj", "{09ADA812-A97D-43C8-9541-684BC19A8174}"
EndProject
Project("{9A19103F-16F7-4668-BE54-9A1E7A4F7556}") = "Visio.Data.Core", "Visio.Data\Visio.Data.Core.csproj", "{91629470-7B64-4DCF-ADFF-25B8EC8C1A32}"
EndProject
Project("{2150E333-8FDC-42A3-9474-1A3956D46DE8}") = "BusinessLogicLayer", "BusinessLogicLayer", "{1169F1F5-C5F2-409F-A5C4-207E6CCCF524}"
EndProject
Project("{9A19103F-16F7-4668-BE54-9A1E7A4F7556}") = "Visio.Data.Domain", "Visio.Data.Domain\Visio.Data.Domain.csproj", "{FF663D10-04A6-44C1-A884-C0DA1B35DE74}"
EndProject
Project("{9A19103F-16F7-4668-BE54-9A1E7A4F7556}") = "Visio.Web", "Visio.Web\Visio.Web.csproj", "{B53BF34F-9568-4A90-8E1E-897FF5B3CD1C}"
EndProject
Project("{9A19103F-16F7-4668-BE54-9A1E7A4F7556}") = "Visio.Services", "Visio.Services\Visio.Services.csproj", "{AA1E1383-E62C-4ABB-A2FA-D6E90802D794}"
EndProject
Project("{9A19103F-16F7-4668-BE54-9A1E7A4F7556}") = "Visio.Recognition", "Visio.Recognition\Visio.Recognition.csproj", "{16BF5B49-BA37-44A7-A869-EC52373AC81F}"
EndProject
Global
	GlobalSection(SolutionConfigurationPlatforms) = preSolution
		Debug|Any CPU = Debug|Any CPU
		Release|Any CPU = Release|Any CPU
	EndGlobalSection
	GlobalSection(ProjectConfigurationPlatforms) = postSolution
		{B528010E-D929-4942-BD85-32501F20019D}.Debug|Any CPU.ActiveCfg = Debug|Any CPU
		{B528010E-D929-4942-BD85-32501F20019D}.Debug|Any CPU.Build.0 = Debug|Any CPU
		{B528010E-D929-4942-BD85-32501F20019D}.Release|Any CPU.ActiveCfg = Release|Any CPU
		{B528010E-D929-4942-BD85-32501F20019D}.Release|Any CPU.Build.0 = Release|Any CPU
		{09ADA812-A97D-43C8-9541-684BC19A8174}.Debug|Any CPU.ActiveCfg = Debug|Any CPU
		{09ADA812-A97D-43C8-9541-684BC19A8174}.Debug|Any CPU.Build.0 = Debug|Any CPU
		{09ADA812-A97D-43C8-9541-684BC19A8174}.Release|Any CPU.ActiveCfg = Release|Any CPU
		{09ADA812-A97D-43C8-9541-684BC19A8174}.Release|Any CPU.Build.0 = Release|Any CPU
		{91629470-7B64-4DCF-ADFF-25B8EC8C1A32}.Debug|Any CPU.ActiveCfg = Debug|Any CPU
		{91629470-7B64-4DCF-ADFF-25B8EC8C1A32}.Debug|Any CPU.Build.0 = Debug|Any CPU
		{91629470-7B64-4DCF-ADFF-25B8EC8C1A32}.Release|Any CPU.ActiveCfg = Release|Any CPU
		{91629470-7B64-4DCF-ADFF-25B8EC8C1A32}.Release|Any CPU.Build.0 = Release|Any CPU
		{FF663D10-04A6-44C1-A884-C0DA1B35DE74}.Debug|Any CPU.ActiveCfg = Debug|Any CPU
		{FF663D10-04A6-44C1-A884-C0DA1B35DE74}.Debug|Any CPU.Build.0 = Debug|Any CPU
		{FF663D10-04A6-44C1-A884-C0DA1B35DE74}.Release|Any CPU.ActiveCfg = Release|Any CPU
		{FF663D10-04A6-44C1-A884-C0DA1B35DE74}.Release|Any CPU.Build.0 = Release|Any CPU
		{B53BF34F-9568-4A90-8E1E-897FF5B3CD1C}.Debug|Any CPU.ActiveCfg = Debug|Any CPU
		{B53BF34F-9568-4A90-8E1E-897FF5B3CD1C}.Debug|Any CPU.Build.0 = Debug|Any CPU
		{B53BF34F-9568-4A90-8E1E-897FF5B3CD1C}.Release|Any CPU.ActiveCfg = Release|Any CPU
		{B53BF34F-9568-4A90-8E1E-897FF5B3CD1C}.Release|Any CPU.Build.0 = Release|Any CPU
		{AA1E1383-E62C-4ABB-A2FA-D6E90802D794}.Debug|Any CPU.ActiveCfg = Debug|Any CPU
		{AA1E1383-E62C-4ABB-A2FA-D6E90802D794}.Debug|Any CPU.Build.0 = Debug|Any CPU
		{AA1E1383-E62C-4ABB-A2FA-D6E90802D794}.Release|Any CPU.ActiveCfg = Release|Any CPU
		{AA1E1383-E62C-4ABB-A2FA-D6E90802D794}.Release|Any CPU.Build.0 = Release|Any CPU
		{16BF5B49-BA37-44A7-A869-EC52373AC81F}.Debug|Any CPU.ActiveCfg = Debug|Any CPU
		{16BF5B49-BA37-44A7-A869-EC52373AC81F}.Debug|Any CPU.Build.0 = Debug|Any CPU
		{16BF5B49-BA37-44A7-A869-EC52373AC81F}.Release|Any CPU.ActiveCfg = Release|Any CPU
		{16BF5B49-BA37-44A7-A869-EC52373AC81F}.Release|Any CPU.Build.0 = Release|Any CPU
	EndGlobalSection
	GlobalSection(SolutionProperties) = preSolution
		HideSolutionNode = FALSE
	EndGlobalSection
	GlobalSection(NestedProjects) = preSolution
		{A331BA46-62F1-499A-8683-693ED7D2D73B} = {084DD7FF-16BA-4FE9-A862-29F6CBE464EF}
		{78D87520-83E9-4BC8-9A19-FFE676D86755} = {084DD7FF-16BA-4FE9-A862-29F6CBE464EF}
		{B528010E-D929-4942-BD85-32501F20019D} = {78D87520-83E9-4BC8-9A19-FFE676D86755}
		{09ADA812-A97D-43C8-9541-684BC19A8174} = {78D87520-83E9-4BC8-9A19-FFE676D86755}
		{91629470-7B64-4DCF-ADFF-25B8EC8C1A32} = {78D87520-83E9-4BC8-9A19-FFE676D86755}
		{1169F1F5-C5F2-409F-A5C4-207E6CCCF524} = {084DD7FF-16BA-4FE9-A862-29F6CBE464EF}
		{FF663D10-04A6-44C1-A884-C0DA1B35DE74} = {78D87520-83E9-4BC8-9A19-FFE676D86755}
		{B53BF34F-9568-4A90-8E1E-897FF5B3CD1C} = {A331BA46-62F1-499A-8683-693ED7D2D73B}
		{AA1E1383-E62C-4ABB-A2FA-D6E90802D794} = {1169F1F5-C5F2-409F-A5C4-207E6CCCF524}
		{16BF5B49-BA37-44A7-A869-EC52373AC81F} = {1169F1F5-C5F2-409F-A5C4-207E6CCCF524}
	EndGlobalSection
	GlobalSection(ExtensibilityGlobals) = postSolution
		SolutionGuid = {76566F75-F793-427B-BAEB-9B5D65B0D656}
	EndGlobalSection
EndGlobal
